github.com/Masterminds/semver/v3 v3.1.1 h1:hLg3sBzpNErnxhQtUy/mmLR2I9foDujNK030IGemrRc=
github.com/Masterminds/semver/v3 v3.1.1/go.mod h1:VPu/7SZ7ePZ3QOrcuXROw5FAcLl4a0cBrbBpGY/8hQs=
github.com/aws/constructs-go/constructs/v10 v10.0.105/go.mod h1:nJ+TOsvImM5avqQ9apT6TQaMlZt1LYdBS573ztfcr7k=
github.com/aws/constructs-go/constructs/v10 v10.1.56 h1:HDZDRjyzMa0XrwfNiXCZrmKo6esBz4szNjjrKRYEhdU=
github.com/aws/constructs-go/constructs/v10 v10.1.56/go.mod h1:QHRf47JAv2Q7+qc0NzQVWQAo4LcdzF1PMN04ZvgFtiw=
github.com/aws/jsii-runtime-go v1.55.1/go.mod h1:9htokR2a9XpRcbNf3fwqPaTs0CpC3KJCOUDMMJvEgZQ=
github.com/aws/jsii-runtime-go v1.62.0 h1:2HAmMMuHdiatkY9c4h+GPmgqSxRcT+DgbpRzdFTBU74=
github.com/aws/jsii-runtime-go v1.62.0/go.mod h1:Dq2QkYFSpiHGabsCBMmLnnGkyx3lnf5k6C6fq8RN/90=
github.com/davecgh/go-spew v1.1.0/go.mod h1:J7Y8YcW2NihsgmVo/mv3lAwl/skON4iLHjSsI+c5H38=
github.com/davecgh/go-spew v1.1.1/go.mod h1:J7Y8YcW2NihsgmVo/mv3lAwl/skON4iLHjSsI+c5H38=
github.com/hashicorp/cdktf-provider-cloudflare-go/cloudflare v1.0.2 h1:jqPwNCypci6198yB7T3R+IqQhnb7YjMd7msnxMj0rhY=
github.com/hashicorp/cdktf-provider-cloudflare-go/cloudflare v1.0.2/go.mod h1:HVIaz3PrWYskWQ1PewXSVbIesnl53i43+WaXSB5pXOs=
github.com/hashicorp/cdktf-provider-cloudinit-go/cloudinit v1.0.2 h1:tJj9iF5Tu6qRQaktL7573YuhVfYH9qhglKXMDMpNUd8=
github.com/hashicorp/cdktf-provider-cloudinit-go/cloudinit v1.0.2/go.mod h1:fNZ46NvK97+TNu4o0qW6vxrM3nl2Y+5Tb3xs4TjYHbU=
github.com/hashicorp/cdktf-provider-random-go/random v1.0.2 h1:D90kXSh/fdcKUa2LVqYV6tTd5PVZAk+RDs+BWOgO3aM=
github.com/hashicorp/cdktf-provider-random-go/random v1.0.2/go.mod h1:3lSoS43/5Zxx72pBjmMMSvWmdd10S9PHQLNXkRahRVA=
github.com/hashicorp/cdktf-provider-template-go/template v1.0.2 h1:29gwTpdfEtMcRMrrAKwpyofDURvUMmO28mmUFbBeDDo=
github.com/hashicorp/cdktf-provider-template-go/template v1.0.2/go.mod h1:6b+pR7+6eXFa3t+luKP+CHe217UOjGOrZlR3APUPVlE=
github.com/hashicorp/terraform-cdk-go/cdktf v0.11.2/go.mod h1:a8+QPHntwVyJLVedf3wnodH7roqSphfVCsAzPFGtVpk=
github.com/hashicorp/terraform-cdk-go/cdktf v0.12.0 h1:xNbMaZdhB5mKbrc7eSu6cIUcwJkhhDzmJPRhaNgAOCY=
github.com/hashicorp/terraform-cdk-go/cdktf v0.12.0/go.mod h1:jaEAIWsKKD4EDjXCpaZAsFhHmxP4y7giBC5lX6YU69A=
github.com/pmezard/go-difflib v1.0.0/go.mod h1:iKH77koFhYxTK1pcRnkKkqfTogsbg7gZNVY4sRDYZ/4=
github.com/stretchr/objx v0.1.0/go.mod h1:HFkY916IF+rwdDfMAkV7OtwuqBVzrE8GR6GFx+wExME=
github.com/stretchr/objx v0.4.0/go.mod h1:YvHI0jy2hoMjB+UWwv71VJQ9isScKT/TqJzVSSt89Yw=
github.com/stretchr/testify v1.7.0/go.mod h1:6Fq8oRcR53rry900zMqJjRRixrwX3KX962/h/Wwjteg=
github.com/stretchr/testify v1.7.1/go.mod h1:6Fq8oRcR53rry900zMqJjRRixrwX3KX962/h/Wwjteg=
github.com/stretchr/testify v1.8.0/go.mod h1:yNjHg4UonilssWZ8iaSj1OCr/vHnekPRkoO+kdMU+MU=
gopkg.in/check.v1 v0.0.0-20161208181325-20d25e280405/go.mod h1:Co6ibVJAznAaIkqp8huTwlJQCZ016jof/cbN4VW5Yz0=
gopkg.in/yaml.v3 v3.0.0-20200313102051-9f266ea9e77c/go.mod h1:K4uyk7z7BCEPqu6E+C64Yfv1cQ7kz7rIZviUmN+EgEM=
gopkg.in/yaml.v3 v3.0.0-20210107192922-496545a6307b/go.mod h1:K4uyk7z7BCEPqu6E+C64Yfv1cQ7kz7rIZviUmN+EgEM=
gopkg.in/yaml.v3 v3.0.1/go.mod h1:K4uyk7z7BCEPqu6E+C64Yfv1cQ7kz7rIZviUmN+EgEM=
